
Microsoft Visual Studio Solution File, Format Version 12.00
# Visual Studio 15
VisualStudioVersion = 15.0.27703.2000
MinimumVisualStudioVersion = 10.0.40219.1
Project("{FAE04EC0-301F-11D3-BF4B-00C04F79EFBC}") = "waConhecendoOsComponentes", "waConhecendoOsComponentes\waConhecendoOsComponentes.csproj", "{5A96FEC4-2198-45CA-8188-736125FF98CE}"
EndProject
Global
	GlobalSection(SolutionConfigurationPlatforms) = preSolution
		Debug|Any CPU = Debug|Any CPU
		Release|Any CPU = Release|Any CPU
	EndGlobalSection
	GlobalSection(ProjectConfigurationPlatforms) = postSolution
		{5A96FEC4-2198-45CA-8188-736125FF98CE}.Debug|Any CPU.ActiveCfg = Debug|Any CPU
		{5A96FEC4-2198-45CA-8188-736125FF98CE}.Debug|Any CPU.Build.0 = Debug|Any CPU
		{5A96FEC4-2198-45CA-8188-736125FF98CE}.Release|Any CPU.ActiveCfg = Release|Any CPU
		{5A96FEC4-2198-45CA-8188-736125FF98CE}.Release|Any CPU.Build.0 = Release|Any CPU
	EndGlobalSection
	GlobalSection(SolutionProperties) = preSolution
		HideSolutionNode = FALSE
	EndGlobalSection
	GlobalSection(ExtensibilityGlobals) = postSolution
		SolutionGuid = {26C33CBD-7720-4F8C-BBF0-095394B9B5FB}
	EndGlobalSection
EndGlobal
