
Microsoft Visual Studio Solution File, Format Version 12.00
# Visual Studio 15
VisualStudioVersion = 15.0.27703.2000
MinimumVisualStudioVersion = 10.0.40219.1
Project("{FAE04EC0-301F-11D3-BF4B-00C04F79EFBC}") = "Aula01", "Aula01\Aula01.csproj", "{3DE9205F-BE77-4B2D-8E7B-7898873FE16F}"
EndProject
Global
	GlobalSection(SolutionConfigurationPlatforms) = preSolution
		Debug|Any CPU = Debug|Any CPU
		Release|Any CPU = Release|Any CPU
	EndGlobalSection
	GlobalSection(ProjectConfigurationPlatforms) = postSolution
		{3DE9205F-BE77-4B2D-8E7B-7898873FE16F}.Debug|Any CPU.ActiveCfg = Debug|Any CPU
		{3DE9205F-BE77-4B2D-8E7B-7898873FE16F}.Debug|Any CPU.Build.0 = Debug|Any CPU
		{3DE9205F-BE77-4B2D-8E7B-7898873FE16F}.Release|Any CPU.ActiveCfg = Release|Any CPU
		{3DE9205F-BE77-4B2D-8E7B-7898873FE16F}.Release|Any CPU.Build.0 = Release|Any CPU
	EndGlobalSection
	GlobalSection(SolutionProperties) = preSolution
		HideSolutionNode = FALSE
	EndGlobalSection
	GlobalSection(ExtensibilityGlobals) = postSolution
		SolutionGuid = {92FE1AC5-2A39-4B11-9FD3-93A33C5A8086}
	EndGlobalSection
EndGlobal
